// !$*UTF8*$!
{
	archiveVersion = 1;
	classes = {
	};
	objectVersion = 56;
	objects = {

/* Begin PBXBuildFile section */
		DB27E5A406A40C3D5D63329B /* TungyApp.swift in Sources */ = {isa = PBXBuildFile; fileRef = 0E57A1FB935E8F1E6BE11FEE /* TungyApp.swift */; };
		092860309E454B5809579063 /* AppModel.swift in Sources */ = {isa = PBXBuildFile; fileRef = FC1A4B2E5E49F95554B4FAA2 /* AppModel.swift */; };
		377423420A58132C7AD64E22 /* TungyStore.swift in Sources */ = {isa = PBXBuildFile; fileRef = A4B8A8CE70404F8256E4D443 /* TungyStore.swift */; };
		4B11FAF1A63A9D8F4CF38765 /* TungyTheme.swift in Sources */ = {isa = PBXBuildFile; fileRef = A7F0AB507570018F41AA8352 /* TungyTheme.swift */; };
		A70BA7BCDD9BB3C1D0C8D132 /* ScreenTimeBlocker.swift in Sources */ = {isa = PBXBuildFile; fileRef = DD30A270148D7AB93F650F4C /* ScreenTimeBlocker.swift */; };
		CD491FB29449BCDE8DDD5E9C /* FlashcardModels.swift in Sources */ = {isa = PBXBuildFile; fileRef = 2E239571CD5BEBE68F659551 /* FlashcardModels.swift */; };
		8EE7FD9D52DA13AA8B0A2BC9 /* FlashcardEngine.swift in Sources */ = {isa = PBXBuildFile; fileRef = 5E4B97A5CD4F35037E8CAB72 /* FlashcardEngine.swift */; };
		E5B441AFBF23D352BD7C8353 /* DailyGoal.swift in Sources */ = {isa = PBXBuildFile; fileRef = 725FED58D1D021D839F6F8B4 /* DailyGoal.swift */; };
		4BD070703B03DB804581C68F /* DailyGate.swift in Sources */ = {isa = PBXBuildFile; fileRef = 807CA0C92E51DF1B1C17DBB0 /* DailyGate.swift */; };
		15B129969BC84DD5E1F5A9DD /* RootTabView.swift in Sources */ = {isa = PBXBuildFile; fileRef = CBEF079EC6DE54A5899BC602 /* RootTabView.swift */; };
		B614086E764A795F1F090192 /* HomeView.swift in Sources */ = {isa = PBXBuildFile; fileRef = 3A220BA2A5D28669AA01D376 /* HomeView.swift */; };
		87F3CD9CB34901E944449609 /* BlockSetupView.swift in Sources */ = {isa = PBXBuildFile; fileRef = 0FAFCEE293588F7F840E3C38 /* BlockSetupView.swift */; };
		C5325DF2FCA65398FEFBBF2A /* StudyView.swift in Sources */ = {isa = PBXBuildFile; fileRef = DD0CA08ED1AA73687FC14E89 /* StudyView.swift */; };
		6044ABE28E3BA2E51F60C668 /* StatsView.swift in Sources */ = {isa = PBXBuildFile; fileRef = CE46771C5E4602071A682698 /* StatsView.swift */; };
		C005FBFF040DE5ADF2CD2BCF /* SettingsView.swift in Sources */ = {isa = PBXBuildFile; fileRef = EC8BDDAD1A1DABA87B50AAA7 /* SettingsView.swift */; };
		20E7C1D0BBEF20BB073812B2 /* TungyTests.swift in Sources */ = {isa = PBXBuildFile; fileRef = 748A0A342955DEE7DE3A8527 /* TungyTests.swift */; };
		B13CB2A2E07F8602BADCB248 /* TungyStoreTests.swift in Sources */ = {isa = PBXBuildFile; fileRef = A5C5E145259F0F4A9420F32F /* TungyStoreTests.swift */; };
		A18FB55CD8F5D85CA87B8D38 /* FlashcardEngineTests.swift in Sources */ = {isa = PBXBuildFile; fileRef = 130459CCB14D9A09B16B6947 /* FlashcardEngineTests.swift */; };
		E549C7117E344AD9A3802378 /* DailyGateTests.swift in Sources */ = {isa = PBXBuildFile; fileRef = 6B4F3976AF13A7B18E621C23 /* DailyGateTests.swift */; };
		A3D71ED516D76940E9DA4814 /* Assets.xcassets in Resources */ = {isa = PBXBuildFile; fileRef = B449F779472533285F851392 /* Assets.xcassets */; };
		1E4BDDE70ECB6AF8D127F407 /* FamilyControls.framework in Frameworks */ = {isa = PBXBuildFile; fileRef = D93D295DB4010C8537064A10 /* FamilyControls.framework */; };
		AC704A7D1BA3ADCEDF97B735 /* ManagedSettings.framework in Frameworks */ = {isa = PBXBuildFile; fileRef = 970958FA005D9BD24E790009 /* ManagedSettings.framework */; };
/* End PBXBuildFile section */

/* Begin PBXContainerItemProxy section */
		9571D3DE36585DB37FB555F8 /* PBXContainerItemProxy */ = {
			isa = PBXContainerItemProxy;
			containerPortal = 46F86FAA6BBF9AC94A7E4595 /* Project object */;
			proxyType = 1;
			remoteGlobalIDString = 2C1686E6A9C9626C2CA1304A;
			remoteInfo = Tungy;
		};
/* End PBXContainerItemProxy section */

/* Begin PBXFileReference section */
		0E57A1FB935E8F1E6BE11FEE /* TungyApp.swift */ = {isa = PBXFileReference; lastKnownFileType = sourcecode.swift; path = TungyApp.swift; sourceTree = "<group>"; };
		FC1A4B2E5E49F95554B4FAA2 /* AppModel.swift */ = {isa = PBXFileReference; lastKnownFileType = sourcecode.swift; path = AppModel.swift; sourceTree = "<group>"; };
		A4B8A8CE70404F8256E4D443 /* TungyStore.swift */ = {isa = PBXFileReference; lastKnownFileType = sourcecode.swift; path = Storage/TungyStore.swift; sourceTree = "<group>"; };
		A7F0AB507570018F41AA8352 /* TungyTheme.swift */ = {isa = PBXFileReference; lastKnownFileType = sourcecode.swift; path = Design/TungyTheme.swift; sourceTree = "<group>"; };
		DD30A270148D7AB93F650F4C /* ScreenTimeBlocker.swift */ = {isa = PBXFileReference; lastKnownFileType = sourcecode.swift; path = ScreenTime/ScreenTimeBlocker.swift; sourceTree = "<group>"; };
		2E239571CD5BEBE68F659551 /* FlashcardModels.swift */ = {isa = PBXFileReference; lastKnownFileType = sourcecode.swift; path = Flashcards/FlashcardModels.swift; sourceTree = "<group>"; };
		5E4B97A5CD4F35037E8CAB72 /* FlashcardEngine.swift */ = {isa = PBXFileReference; lastKnownFileType = sourcecode.swift; path = Flashcards/FlashcardEngine.swift; sourceTree = "<group>"; };
		725FED58D1D021D839F6F8B4 /* DailyGoal.swift */ = {isa = PBXFileReference; lastKnownFileType = sourcecode.swift; path = Flashcards/DailyGoal.swift; sourceTree = "<group>"; };
		807CA0C92E51DF1B1C17DBB0 /* DailyGate.swift */ = {isa = PBXFileReference; lastKnownFileType = sourcecode.swift; path = Flashcards/DailyGate.swift; sourceTree = "<group>"; };
		CBEF079EC6DE54A5899BC602 /* RootTabView.swift */ = {isa = PBXFileReference; lastKnownFileType = sourcecode.swift; path = Views/RootTabView.swift; sourceTree = "<group>"; };
		3A220BA2A5D28669AA01D376 /* HomeView.swift */ = {isa = PBXFileReference; lastKnownFileType = sourcecode.swift; path = Views/HomeView.swift; sourceTree = "<group>"; };
		0FAFCEE293588F7F840E3C38 /* BlockSetupView.swift */ = {isa = PBXFileReference; lastKnownFileType = sourcecode.swift; path = Views/BlockSetupView.swift; sourceTree = "<group>"; };
		DD0CA08ED1AA73687FC14E89 /* StudyView.swift */ = {isa = PBXFileReference; lastKnownFileType = sourcecode.swift; path = Views/StudyView.swift; sourceTree = "<group>"; };
		CE46771C5E4602071A682698 /* StatsView.swift */ = {isa = PBXFileReference; lastKnownFileType = sourcecode.swift; path = Views/StatsView.swift; sourceTree = "<group>"; };
		EC8BDDAD1A1DABA87B50AAA7 /* SettingsView.swift */ = {isa = PBXFileReference; lastKnownFileType = sourcecode.swift; path = Views/SettingsView.swift; sourceTree = "<group>"; };
		748A0A342955DEE7DE3A8527 /* TungyTests.swift */ = {isa = PBXFileReference; lastKnownFileType = sourcecode.swift; path = TungyTests.swift; sourceTree = "<group>"; };
		A5C5E145259F0F4A9420F32F /* TungyStoreTests.swift */ = {isa = PBXFileReference; lastKnownFileType = sourcecode.swift; path = TungyStoreTests.swift; sourceTree = "<group>"; };
		130459CCB14D9A09B16B6947 /* FlashcardEngineTests.swift */ = {isa = PBXFileReference; lastKnownFileType = sourcecode.swift; path = FlashcardEngineTests.swift; sourceTree = "<group>"; };
		6B4F3976AF13A7B18E621C23 /* DailyGateTests.swift */ = {isa = PBXFileReference; lastKnownFileType = sourcecode.swift; path = DailyGateTests.swift; sourceTree = "<group>"; };
		B449F779472533285F851392 /* Assets.xcassets */ = {isa = PBXFileReference; lastKnownFileType = folder.assetcatalog; path = Assets.xcassets; sourceTree = "<group>"; };
		0A7AC6DB5C4DBB26235C32E2 /* Tungy.entitlements */ = {isa = PBXFileReference; lastKnownFileType = text.plist.entitlements; path = Tungy.entitlements; sourceTree = "<group>"; };
		D93D295DB4010C8537064A10 /* FamilyControls.framework */ = {isa = PBXFileReference; lastKnownFileType = wrapper.framework; name = FamilyControls.framework; path = System/Library/Frameworks/FamilyControls.framework; sourceTree = SDKROOT; };
		970958FA005D9BD24E790009 /* ManagedSettings.framework */ = {isa = PBXFileReference; lastKnownFileType = wrapper.framework; name = ManagedSettings.framework; path = System/Library/Frameworks/ManagedSettings.framework; sourceTree = SDKROOT; };
		2F8B66AC179D53E90549E768 /* Tungy.app */ = {isa = PBXFileReference; explicitFileType = wrapper.application; includeInIndex = 0; path = Tungy.app; sourceTree = BUILT_PRODUCTS_DIR; };
		AEC484DDEFC0F3EBB8D761F0 /* TungyTests.xctest */ = {isa = PBXFileReference; explicitFileType = wrapper.cfbundle; includeInIndex = 0; path = TungyTests.xctest; sourceTree = BUILT_PRODUCTS_DIR; };
/* End PBXFileReference section */

/* Begin PBXFrameworksBuildPhase section */
		E0471B2BC38CDF4DA38D65CF /* Frameworks */ = {
			isa = PBXFrameworksBuildPhase;
			buildActionMask = 2147483647;
			files = (
				1E4BDDE70ECB6AF8D127F407 /* FamilyControls.framework in Frameworks */,
				AC704A7D1BA3ADCEDF97B735 /* ManagedSettings.framework in Frameworks */,
			);
			runOnlyForDeploymentPostprocessing = 0;
		};
		8430FE6431481E8E14353D1A /* Frameworks */ = {
			isa = PBXFrameworksBuildPhase;
			buildActionMask = 2147483647;
			files = (
			);
			runOnlyForDeploymentPostprocessing = 0;
		};
/* End PBXFrameworksBuildPhase section */

/* Begin PBXGroup section */
		518DA81DB9B99529C0C0AEBE = {
			isa = PBXGroup;
			children = (
				A9D9C82D6B895D49CDC9BCFB /* Tungy */,
				27766D1B81508FDE454BB46C /* TungyTests */,
				B687106895D06AA330DAFED5 /* Frameworks */,
				2F3A6B1E78F896718625FF06 /* Products */,
			);
			sourceTree = "<group>";
		};
		A9D9C82D6B895D49CDC9BCFB /* Tungy */ = {
			isa = PBXGroup;
			children = (
				0E57A1FB935E8F1E6BE11FEE,
				FC1A4B2E5E49F95554B4FAA2,
				A4B8A8CE70404F8256E4D443,
				A7F0AB507570018F41AA8352,
				DD30A270148D7AB93F650F4C,
				2E239571CD5BEBE68F659551,
				5E4B97A5CD4F35037E8CAB72,
				725FED58D1D021D839F6F8B4,
				807CA0C92E51DF1B1C17DBB0,
				CBEF079EC6DE54A5899BC602,
				3A220BA2A5D28669AA01D376,
				0FAFCEE293588F7F840E3C38,
				DD0CA08ED1AA73687FC14E89,
				CE46771C5E4602071A682698,
				EC8BDDAD1A1DABA87B50AAA7,
				B449F779472533285F851392,
				0A7AC6DB5C4DBB26235C32E2,
			);
			path = Tungy;
			sourceTree = "<group>";
		};
		27766D1B81508FDE454BB46C /* TungyTests */ = {
			isa = PBXGroup;
			children = (
				748A0A342955DEE7DE3A8527,
				A5C5E145259F0F4A9420F32F,
				130459CCB14D9A09B16B6947,
				6B4F3976AF13A7B18E621C23,
			);
			path = TungyTests;
			sourceTree = "<group>";
		};
		B687106895D06AA330DAFED5 /* Frameworks */ = {
			isa = PBXGroup;
			children = (
				D93D295DB4010C8537064A10 /* FamilyControls.framework */,
				970958FA005D9BD24E790009 /* ManagedSettings.framework */,
			);
			name = Frameworks;
			sourceTree = "<group>";
		};
		2F3A6B1E78F896718625FF06 /* Products */ = {
			isa = PBXGroup;
			children = (
				2F8B66AC179D53E90549E768 /* Tungy.app */,
				AEC484DDEFC0F3EBB8D761F0 /* TungyTests.xctest */,
			);
			name = Products;
			sourceTree = "<group>";
		};
/* End PBXGroup section */

/* Begin PBXNativeTarget section */
		2C1686E6A9C9626C2CA1304A /* Tungy */ = {
			isa = PBXNativeTarget;
			buildConfigurationList = 52807F993479699EA47D70B3 /* Build configuration list for PBXNativeTarget "Tungy" */;
			buildPhases = (
				566DC66A377B964FED351E0E /* Sources */,
				E0471B2BC38CDF4DA38D65CF /* Frameworks */,
				3E8C2A5E78A49A13AB756B2A /* Resources */,
			);
			buildRules = (
			);
			dependencies = (
			);
			name = Tungy;
			productName = Tungy;
			productReference = 2F8B66AC179D53E90549E768 /* Tungy.app */;
			productType = "com.apple.product-type.application";
		};
		A51001D4E3737631DF32E94A /* TungyTests */ = {
			isa = PBXNativeTarget;
			buildConfigurationList = 447C0669C90DF6361873D2D1 /* Build configuration list for PBXNativeTarget "TungyTests" */;
			buildPhases = (
				EE399B224ABD0BD25A141B55 /* Sources */,
				8430FE6431481E8E14353D1A /* Frameworks */,
				B8A4318086A8B30011A15259 /* Resources */,
			);
			buildRules = (
			);
			dependencies = (
				53EB7A329A6297CAD9C08C77 /* PBXTargetDependency */,
			);
			name = TungyTests;
			productName = TungyTests;
			productReference = AEC484DDEFC0F3EBB8D761F0 /* TungyTests.xctest */;
			productType = "com.apple.product-type.bundle.unit-test";
		};
/* End PBXNativeTarget section */

/* Begin PBXProject section */
		46F86FAA6BBF9AC94A7E4595 /* Project object */ = {
			isa = PBXProject;
			attributes = {
				BuildIndependentTargetsInParallel = 1;
				LastSwiftUpdateCheck = 1600;
				LastUpgradeCheck = 1600;
				TargetAttributes = {
					2C1686E6A9C9626C2CA1304A = {
						CreatedOnToolsVersion = 16.0;
					};
					A51001D4E3737631DF32E94A = {
						CreatedOnToolsVersion = 16.0;
						TestTargetID = 2C1686E6A9C9626C2CA1304A;
					};
				};
			};
			buildConfigurationList = 1F4E3D13C2320EDA50221924 /* Build configuration list for PBXProject "Tungy" */;
			compatibilityVersion = "Xcode 14.0";
			developmentRegion = en;
			hasScannedForEncodings = 0;
			knownRegions = (
				en,
				Base,
			);
			mainGroup = 518DA81DB9B99529C0C0AEBE;
			productRefGroup = 2F3A6B1E78F896718625FF06 /* Products */;
			projectDirPath = "";
			projectRoot = "";
			targets = (
				2C1686E6A9C9626C2CA1304A /* Tungy */,
				A51001D4E3737631DF32E94A /* TungyTests */,
			);
		};
/* End PBXProject section */

/* Begin PBXResourcesBuildPhase section */
		3E8C2A5E78A49A13AB756B2A /* Resources */ = {
			isa = PBXResourcesBuildPhase;
			buildActionMask = 2147483647;
			files = (
				A3D71ED516D76940E9DA4814 /* Assets.xcassets in Resources */,
			);
			runOnlyForDeploymentPostprocessing = 0;
		};
		B8A4318086A8B30011A15259 /* Resources */ = {
			isa = PBXResourcesBuildPhase;
			buildActionMask = 2147483647;
			files = (
			);
			runOnlyForDeploymentPostprocessing = 0;
		};
/* End PBXResourcesBuildPhase section */

/* Begin PBXSourcesBuildPhase section */
		566DC66A377B964FED351E0E /* Sources */ = {
			isa = PBXSourcesBuildPhase;
			buildActionMask = 2147483647;
			files = (
				DB27E5A406A40C3D5D63329B /* TungyApp.swift in Sources */,
				092860309E454B5809579063 /* AppModel.swift in Sources */,
				377423420A58132C7AD64E22 /* TungyStore.swift in Sources */,
				4B11FAF1A63A9D8F4CF38765 /* TungyTheme.swift in Sources */,
				A70BA7BCDD9BB3C1D0C8D132 /* ScreenTimeBlocker.swift in Sources */,
				CD491FB29449BCDE8DDD5E9C /* FlashcardModels.swift in Sources */,
				8EE7FD9D52DA13AA8B0A2BC9 /* FlashcardEngine.swift in Sources */,
				E5B441AFBF23D352BD7C8353 /* DailyGoal.swift in Sources */,
				4BD070703B03DB804581C68F /* DailyGate.swift in Sources */,
				15B129969BC84DD5E1F5A9DD /* RootTabView.swift in Sources */,
				B614086E764A795F1F090192 /* HomeView.swift in Sources */,
				87F3CD9CB34901E944449609 /* BlockSetupView.swift in Sources */,
				C5325DF2FCA65398FEFBBF2A /* StudyView.swift in Sources */,
				6044ABE28E3BA2E51F60C668 /* StatsView.swift in Sources */,
				C005FBFF040DE5ADF2CD2BCF /* SettingsView.swift in Sources */,
			);
			runOnlyForDeploymentPostprocessing = 0;
		};
		EE399B224ABD0BD25A141B55 /* Sources */ = {
			isa = PBXSourcesBuildPhase;
			buildActionMask = 2147483647;
			files = (
				20E7C1D0BBEF20BB073812B2 /* TungyTests.swift in Sources */,
				B13CB2A2E07F8602BADCB248 /* TungyStoreTests.swift in Sources */,
				A18FB55CD8F5D85CA87B8D38 /* FlashcardEngineTests.swift in Sources */,
				E549C7117E344AD9A3802378 /* DailyGateTests.swift in Sources */,
			);
			runOnlyForDeploymentPostprocessing = 0;
		};
/* End PBXSourcesBuildPhase section */

/* Begin PBXTargetDependency section */
		53EB7A329A6297CAD9C08C77 /* PBXTargetDependency */ = {isa = PBXTargetDependency; target = 2C1686E6A9C9626C2CA1304A /* Tungy */; targetProxy = 9571D3DE36585DB37FB555F8 /* PBXContainerItemProxy */; };
/* End PBXTargetDependency section */

/* Begin XCBuildConfiguration section */
		4A43692AD8BCEEB8B727C85B /* Debug */ = {
			isa = XCBuildConfiguration;
			buildSettings = {
				ALWAYS_SEARCH_USER_PATHS = NO;
				CLANG_ANALYZER_NONNULL = YES;
				CLANG_ANALYZER_NUMBER_OBJECT_CONVERSION = YES_AGGRESSIVE;
				CLANG_CXX_LANGUAGE_STANDARD = "gnu++20";
				CLANG_ENABLE_MODULES = YES;
				CLANG_ENABLE_OBJC_ARC = YES;
				CLANG_ENABLE_OBJC_WEAK = YES;
				CLANG_WARN_BLOCK_CAPTURE_AUTORELEASING = YES;
				CLANG_WARN_BOOL_CONVERSION = YES;
				CLANG_WARN_COMMA = YES;
				CLANG_WARN_CONSTANT_CONVERSION = YES;
				CLANG_WARN_DEPRECATED_OBJC_IMPLEMENTATIONS = YES;
				CLANG_WARN_DIRECT_OBJC_ISA_USAGE = YES_ERROR;
				CLANG_WARN_DOCUMENTATION_COMMENTS = YES;
				CLANG_WARN_EMPTY_BODY = YES;
				CLANG_WARN_ENUM_CONVERSION = YES;
				CLANG_WARN_INFINITE_RECURSION = YES;
				CLANG_WARN_INT_CONVERSION = YES;
				CLANG_WARN_NON_LITERAL_NULL_CONVERSION = YES;
				CLANG_WARN_OBJC_IMPLICIT_RETAIN_SELF = YES;
				CLANG_WARN_OBJC_LITERAL_CONVERSION = YES;
				CLANG_WARN_OBJC_ROOT_CLASS = YES_ERROR;
				CLANG_WARN_QUOTED_INCLUDE_IN_FRAMEWORK_HEADER = YES;
				CLANG_WARN_RANGE_LOOP_ANALYSIS = YES;
				CLANG_WARN_STRICT_PROTOTYPES = YES;
				CLANG_WARN_SUSPICIOUS_MOVE = YES;
				CLANG_WARN_UNGUARDED_AVAILABILITY = YES_AGGRESSIVE;
				CLANG_WARN_UNREACHABLE_CODE = YES;
				CLANG_WARN__DUPLICATE_METHOD_MATCH = YES;
				COPY_PHASE_STRIP = NO;
				DEBUG_INFORMATION_FORMAT = dwarf;
				ENABLE_STRICT_OBJC_MSGSEND = YES;
				ENABLE_TESTABILITY = YES;
				GCC_C_LANGUAGE_STANDARD = gnu17;
				GCC_DYNAMIC_NO_PIC = NO;
				GCC_NO_COMMON_BLOCKS = YES;
				GCC_OPTIMIZATION_LEVEL = 0;
				GCC_PREPROCESSOR_DEFINITIONS = (
					"DEBUG=1",
					$(inherited),
				);
				GCC_WARN_64_TO_32_BIT_CONVERSION = YES;
				GCC_WARN_ABOUT_RETURN_TYPE = YES_ERROR;
				GCC_WARN_UNDECLARED_SELECTOR = YES;
				GCC_WARN_UNINITIALIZED_AUTOS = YES_AGGRESSIVE;
				GCC_WARN_UNUSED_FUNCTION = YES;
				GCC_WARN_UNUSED_VARIABLE = YES;
				IPHONEOS_DEPLOYMENT_TARGET = 16.0;
				LOCALIZATION_PREFERS_STRING_CATALOGS = YES;
				MTL_ENABLE_DEBUG_INFO = INCLUDE_SOURCE;
				MTL_FAST_MATH = YES;
				ONLY_ACTIVE_ARCH = YES;
				SDKROOT = iphoneos;
				SWIFT_ACTIVE_COMPILATION_CONDITIONS = "DEBUG $(inherited)";
				SWIFT_OPTIMIZATION_LEVEL = "-Onone";
			};
			name = Debug;
		};
		C28449456A5A705A7479770B /* Release */ = {
			isa = XCBuildConfiguration;
			buildSettings = {
				ALWAYS_SEARCH_USER_PATHS = NO;
				CLANG_ANALYZER_NONNULL = YES;
				CLANG_ANALYZER_NUMBER_OBJECT_CONVERSION = YES_AGGRESSIVE;
				CLANG_CXX_LANGUAGE_STANDARD = "gnu++20";
				CLANG_ENABLE_MODULES = YES;
				CLANG_ENABLE_OBJC_ARC = YES;
				CLANG_ENABLE_OBJC_WEAK = YES;
				CLANG_WARN_BLOCK_CAPTURE_AUTORELEASING = YES;
				CLANG_WARN_BOOL_CONVERSION = YES;
				CLANG_WARN_COMMA = YES;
				CLANG_WARN_CONSTANT_CONVERSION = YES;
				CLANG_WARN_DEPRECATED_OBJC_IMPLEMENTATIONS = YES;
				CLANG_WARN_DIRECT_OBJC_ISA_USAGE = YES_ERROR;
				CLANG_WARN_DOCUMENTATION_COMMENTS = YES;
				CLANG_WARN_EMPTY_BODY = YES;
				CLANG_WARN_ENUM_CONVERSION = YES;
				CLANG_WARN_INFINITE_RECURSION = YES;
				CLANG_WARN_INT_CONVERSION = YES;
				CLANG_WARN_NON_LITERAL_NULL_CONVERSION = YES;
				CLANG_WARN_OBJC_IMPLICIT_RETAIN_SELF = YES;
				CLANG_WARN_OBJC_LITERAL_CONVERSION = YES;
				CLANG_WARN_OBJC_ROOT_CLASS = YES_ERROR;
				CLANG_WARN_QUOTED_INCLUDE_IN_FRAMEWORK_HEADER = YES;
				CLANG_WARN_RANGE_LOOP_ANALYSIS = YES;
				CLANG_WARN_STRICT_PROTOTYPES = YES;
				CLANG_WARN_SUSPICIOUS_MOVE = YES;
				CLANG_WARN_UNGUARDED_AVAILABILITY = YES_AGGRESSIVE;
				CLANG_WARN_UNREACHABLE_CODE = YES;
				CLANG_WARN__DUPLICATE_METHOD_MATCH = YES;
				COPY_PHASE_STRIP = NO;
				DEBUG_INFORMATION_FORMAT = "dwarf-with-dsym";
				ENABLE_NS_ASSERTIONS = NO;
				ENABLE_STRICT_OBJC_MSGSEND = YES;
				ENABLE_TESTABILITY = NO;
				GCC_C_LANGUAGE_STANDARD = gnu17;
				GCC_DYNAMIC_NO_PIC = NO;
				GCC_NO_COMMON_BLOCKS = YES;
				GCC_OPTIMIZATION_LEVEL = s;
				GCC_WARN_64_TO_32_BIT_CONVERSION = YES;
				GCC_WARN_ABOUT_RETURN_TYPE = YES_ERROR;
				GCC_WARN_UNDECLARED_SELECTOR = YES;
				GCC_WARN_UNINITIALIZED_AUTOS = YES_AGGRESSIVE;
				GCC_WARN_UNUSED_FUNCTION = YES;
				GCC_WARN_UNUSED_VARIABLE = YES;
				IPHONEOS_DEPLOYMENT_TARGET = 16.0;
				LOCALIZATION_PREFERS_STRING_CATALOGS = YES;
				MTL_ENABLE_DEBUG_INFO = NO;
				MTL_FAST_MATH = YES;
				SDKROOT = iphoneos;
				SWIFT_COMPILATION_MODE = wholemodule;
				SWIFT_OPTIMIZATION_LEVEL = "-O";
				VALIDATE_PRODUCT = YES;
			};
			name = Release;
		};
		E964743510183D3DC1605F7D /* Debug */ = {
			isa = XCBuildConfiguration;
			buildSettings = {
				ASSETCATALOG_COMPILER_APPICON_NAME = AppIcon;
				CODE_SIGN_ENTITLEMENTS = Tungy/Tungy.entitlements;
				CODE_SIGN_STYLE = Automatic;
				CURRENT_PROJECT_VERSION = 1;
				DEVELOPMENT_ASSET_PATHS = "\"Tungy/Preview Content\"";
				ENABLE_PREVIEWS = YES;
				GENERATE_INFOPLIST_FILE = YES;
				INFOPLIST_KEY_CFBundleDisplayName = Tungy;
				INFOPLIST_KEY_LSApplicationCategoryType = "public.app-category.education";
				INFOPLIST_KEY_UIApplicationSceneManifest_Generation = YES;
				INFOPLIST_KEY_UIApplicationSupportsIndirectInputEvents = YES;
				INFOPLIST_KEY_UILaunchScreen_Generation = YES;
				INFOPLIST_KEY_UISupportedInterfaceOrientations_iPad = (
					UIInterfaceOrientationPortrait,
					UIInterfaceOrientationPortraitUpsideDown,
					UIInterfaceOrientationLandscapeLeft,
					UIInterfaceOrientationLandscapeRight,
				);
				INFOPLIST_KEY_UISupportedInterfaceOrientations_iPhone = (
					UIInterfaceOrientationPortrait,
					UIInterfaceOrientationLandscapeLeft,
					UIInterfaceOrientationLandscapeRight,
				);
				MARKETING_VERSION = 1.0;
				PRODUCT_BUNDLE_IDENTIFIER = com.tungy.app;
				PRODUCT_NAME = $(TARGET_NAME);
				SUPPORTED_PLATFORMS = "iphoneos iphonesimulator";
				SUPPORTS_MACCATALYST = NO;
				SUPPORTS_MAC_DESIGNED_FOR_IPHONE_IPAD = NO;
				SWIFT_EMIT_LOC_STRINGS = YES;
				SWIFT_VERSION = 5.0;
				TARGETED_DEVICE_FAMILY = 1;
			};
			name = Debug;
		};
		3733424A981F921121F2C8D9 /* Release */ = {
			isa = XCBuildConfiguration;
			buildSettings = {
				ASSETCATALOG_COMPILER_APPICON_NAME = AppIcon;
				CODE_SIGN_ENTITLEMENTS = Tungy/Tungy.entitlements;
				CODE_SIGN_STYLE = Automatic;
				CURRENT_PROJECT_VERSION = 1;
				DEVELOPMENT_ASSET_PATHS = "\"Tungy/Preview Content\"";
				ENABLE_PREVIEWS = YES;
				GENERATE_INFOPLIST_FILE = YES;
				INFOPLIST_KEY_CFBundleDisplayName = Tungy;
				INFOPLIST_KEY_LSApplicationCategoryType = "public.app-category.education";
				INFOPLIST_KEY_UIApplicationSceneManifest_Generation = YES;
				INFOPLIST_KEY_UIApplicationSupportsIndirectInputEvents = YES;
				INFOPLIST_KEY_UILaunchScreen_Generation = YES;
				INFOPLIST_KEY_UISupportedInterfaceOrientations_iPad = (
					UIInterfaceOrientationPortrait,
					UIInterfaceOrientationPortraitUpsideDown,
					UIInterfaceOrientationLandscapeLeft,
					UIInterfaceOrientationLandscapeRight,
				);
				INFOPLIST_KEY_UISupportedInterfaceOrientations_iPhone = (
					UIInterfaceOrientationPortrait,
					UIInterfaceOrientationLandscapeLeft,
					UIInterfaceOrientationLandscapeRight,
				);
				MARKETING_VERSION = 1.0;
				PRODUCT_BUNDLE_IDENTIFIER = com.tungy.app;
				PRODUCT_NAME = $(TARGET_NAME);
				SUPPORTED_PLATFORMS = "iphoneos iphonesimulator";
				SUPPORTS_MACCATALYST = NO;
				SUPPORTS_MAC_DESIGNED_FOR_IPHONE_IPAD = NO;
				SWIFT_EMIT_LOC_STRINGS = YES;
				SWIFT_VERSION = 5.0;
				TARGETED_DEVICE_FAMILY = 1;
			};
			name = Release;
		};
		78A86060A4DF697921980166 /* Debug */ = {
			isa = XCBuildConfiguration;
			buildSettings = {
				BUNDLE_LOADER = $(TEST_HOST);
				CODE_SIGN_STYLE = Automatic;
				CURRENT_PROJECT_VERSION = 1;
				GENERATE_INFOPLIST_FILE = YES;
				IPHONEOS_DEPLOYMENT_TARGET = 16.0;
				MARKETING_VERSION = 1.0;
				PRODUCT_BUNDLE_IDENTIFIER = com.tungy.app.tests;
				PRODUCT_NAME = $(TARGET_NAME);
				SUPPORTED_PLATFORMS = "iphoneos iphonesimulator";
				SWIFT_EMIT_LOC_STRINGS = NO;
				SWIFT_VERSION = 5.0;
				TARGETED_DEVICE_FAMILY = 1;
				TEST_HOST = $(BUILT_PRODUCTS_DIR)/Tungy.app/$(BUNDLE_EXECUTABLE_FOLDER_PATH)/Tungy;
			};
			name = Debug;
		};
		910409B9F8746A257F05A4FE /* Release */ = {
			isa = XCBuildConfiguration;
			buildSettings = {
				BUNDLE_LOADER = $(TEST_HOST);
				CODE_SIGN_STYLE = Automatic;
				CURRENT_PROJECT_VERSION = 1;
				GENERATE_INFOPLIST_FILE = YES;
				IPHONEOS_DEPLOYMENT_TARGET = 16.0;
				MARKETING_VERSION = 1.0;
				PRODUCT_BUNDLE_IDENTIFIER = com.tungy.app.tests;
				PRODUCT_NAME = $(TARGET_NAME);
				SUPPORTED_PLATFORMS = "iphoneos iphonesimulator";
				SWIFT_EMIT_LOC_STRINGS = NO;
				SWIFT_VERSION = 5.0;
				TARGETED_DEVICE_FAMILY = 1;
				TEST_HOST = $(BUILT_PRODUCTS_DIR)/Tungy.app/$(BUNDLE_EXECUTABLE_FOLDER_PATH)/Tungy;
			};
			name = Release;
		};
/* End XCBuildConfiguration section */

/* Begin XCConfigurationList section */
		1F4E3D13C2320EDA50221924 /* Build configuration list for PBXProject "Tungy" */ = {
			isa = XCConfigurationList;
			buildConfigurations = (
				4A43692AD8BCEEB8B727C85B /* Debug */,
				C28449456A5A705A7479770B /* Release */,
			);
			defaultConfigurationIsVisible = 0;
			defaultConfigurationName = Release;
		};
		52807F993479699EA47D70B3 /* Build configuration list for PBXNativeTarget "Tungy" */ = {
			isa = XCConfigurationList;
			buildConfigurations = (
				E964743510183D3DC1605F7D /* Debug */,
				3733424A981F921121F2C8D9 /* Release */,
			);
			defaultConfigurationIsVisible = 0;
			defaultConfigurationName = Release;
		};
		447C0669C90DF6361873D2D1 /* Build configuration list for PBXNativeTarget "TungyTests" */ = {
			isa = XCConfigurationList;
			buildConfigurations = (
				78A86060A4DF697921980166 /* Debug */,
				910409B9F8746A257F05A4FE /* Release */,
			);
			defaultConfigurationIsVisible = 0;
			defaultConfigurationName = Release;
		};
/* End XCConfigurationList section */
	};
	rootObject = 46F86FAA6BBF9AC94A7E4595 /* Project object */;
}
